
Microsoft Visual Studio Solution File, Format Version 12.00
# Visual Studio Version 16
VisualStudioVersion = 16.0.29020.237
MinimumVisualStudioVersion = 10.0.40219.1
Project("{FAE04EC0-301F-11D3-BF4B-00C04F79EFBC}") = "CovidSharp", "CovidSharp.csproj", "{F057E7FB-FE5B-46EA-9BF2-C699A626701F}"
EndProject
Project("{FAE04EC0-301F-11D3-BF4B-00C04F79EFBC}") = "CovidSharpTester", "..\CovidSharpTester\CovidSharpTester.csproj", "{4BF2E45B-0DD1-468F-BE06-6C7AD48ED490}"
EndProject
Global
	GlobalSection(SolutionConfigurationPlatforms) = preSolution
		Debug|Any CPU = Debug|Any CPU
		Release|Any CPU = Release|Any CPU
	EndGlobalSection
	GlobalSection(ProjectConfigurationPlatforms) = postSolution
		{F057E7FB-FE5B-46EA-9BF2-C699A626701F}.Debug|Any CPU.ActiveCfg = Debug|Any CPU
		{F057E7FB-FE5B-46EA-9BF2-C699A626701F}.Debug|Any CPU.Build.0 = Debug|Any CPU
		{F057E7FB-FE5B-46EA-9BF2-C699A626701F}.Release|Any CPU.ActiveCfg = Release|Any CPU
		{F057E7FB-FE5B-46EA-9BF2-C699A626701F}.Release|Any CPU.Build.0 = Release|Any CPU
		{4BF2E45B-0DD1-468F-BE06-6C7AD48ED490}.Debug|Any CPU.ActiveCfg = Debug|Any CPU
		{4BF2E45B-0DD1-468F-BE06-6C7AD48ED490}.Debug|Any CPU.Build.0 = Debug|Any CPU
		{4BF2E45B-0DD1-468F-BE06-6C7AD48ED490}.Release|Any CPU.ActiveCfg = Release|Any CPU
		{4BF2E45B-0DD1-468F-BE06-6C7AD48ED490}.Release|Any CPU.Build.0 = Release|Any CPU
	EndGlobalSection
	GlobalSection(SolutionProperties) = preSolution
		HideSolutionNode = FALSE
	EndGlobalSection
	GlobalSection(ExtensibilityGlobals) = postSolution
		SolutionGuid = {1BA8ABA3-0F99-4258-8DAF-53304FB1B3A8}
	EndGlobalSection
EndGlobal
